
Microsoft Visual Studio Solution File, Format Version 12.00
# Visual Studio Version 17
VisualStudioVersion = 17.8.34330.188
MinimumVisualStudioVersion = 10.0.40219.1
Project("{FAE04EC0-301F-11D3-BF4B-00C04F79EFBC}") = "Hill_Mortgage2", "Hill_Mortgage2.csproj", "{157815CC-1A54-4475-BE61-61A7073C48BE}"
EndProject
Global
	GlobalSection(SolutionConfigurationPlatforms) = preSolution
		Debug|Any CPU = Debug|Any CPU
		Release|Any CPU = Release|Any CPU
	EndGlobalSection
	GlobalSection(ProjectConfigurationPlatforms) = postSolution
		{157815CC-1A54-4475-BE61-61A7073C48BE}.Debug|Any CPU.ActiveCfg = Debug|Any CPU
		{157815CC-1A54-4475-BE61-61A7073C48BE}.Debug|Any CPU.Build.0 = Debug|Any CPU
		{157815CC-1A54-4475-BE61-61A7073C48BE}.Release|Any CPU.ActiveCfg = Release|Any CPU
		{157815CC-1A54-4475-BE61-61A7073C48BE}.Release|Any CPU.Build.0 = Release|Any CPU
	EndGlobalSection
	GlobalSection(SolutionProperties) = preSolution
		HideSolutionNode = FALSE
	EndGlobalSection
	GlobalSection(ExtensibilityGlobals) = postSolution
		SolutionGuid = {442C73BF-A794-4DB1-A353-EF2DDF9EA115}
	EndGlobalSection
EndGlobal
